{
  "name": "effection-inspector-example",
  "version": "1.0.0",
  "lockfileVersion": 2,
  "requires": true,
  "packages": {
    "": {
      "name": "effection-inspector-example",
      "version": "1.0.0",
      "license": "ISC",
      "dependencies": {
        "@effection/inspect-server": "^2.1.5"
      }
    },
    "node_modules/@effection/atom": {
      "version": "2.0.4",
      "resolved": "https://registry.npmjs.org/@effection/atom/-/atom-2.0.4.tgz",
      "integrity": "sha512-mnflhIUK5zWt5ViJPWpZpA9NW8QO5ipV2493sQnOCKZp9mlYRmGhew76tRGydZgLlhO/SADwRVYgTDBrLm+joA==",
      "dependencies": {
        "assert-ts": "^0.2.2",
        "effection": "2.0.4",
        "fp-ts": "^2.8.2",
        "monocle-ts": "^2.3.3"
      }
    },
    "node_modules/@effection/channel": {
      "version": "2.0.3",
      "resolved": "https://registry.npmjs.org/@effection/channel/-/channel-2.0.3.tgz",
      "integrity": "sha512-HZE2q7dtErIur0g+BVMPqa+dVBgrIIaYMrzMBNM1UoIB6urMGgr+uPWXwgQb3Vzm4Il9SCiCzoM3RE3gDiV1Ig==",
      "dependencies": {
        "@effection/core": "2.2.0",
        "@effection/events": "2.0.3",
        "@effection/stream": "2.0.3"
      }
    },
    "node_modules/@effection/core": {
      "version": "2.2.0",
      "resolved": "https://registry.npmjs.org/@effection/core/-/core-2.2.0.tgz",
      "integrity": "sha512-1RBMrDS0Ya02NEM0TQQRwzlGDSZmwoHhuD3qmWp9NLjZowhO1gJBZ16fQL2NbKvcpS71xho+oZsDedId+C1q8Q==",
      "dependencies": {
        "abort-controller": "^3.0.0"
      }
    },
    "node_modules/@effection/dispatch": {
      "version": "2.0.1",
      "resolved": "https://registry.npmjs.org/@effection/dispatch/-/dispatch-2.0.1.tgz",
      "integrity": "sha512-22EIHjEGlxl/5r+kTxLKHyWTt3D341os5LiDgV2RqElZnD1F7ki5JwYfqg3chm7M4Usl2Xj5mdgb8g7DiV/tnA==",
      "dependencies": {
        "effection": "2.0.1"
      }
    },
    "node_modules/@effection/dispatch/node_modules/@effection/channel": {
      "version": "2.0.1",
      "resolved": "https://registry.npmjs.org/@effection/channel/-/channel-2.0.1.tgz",
      "integrity": "sha512-oyGTskv5qSD6k2fo4w9m3L1d4OdLxBvlRfDpXu96yPVatEo4z+i25hEYE2oGXdBjsnIK/PMd50Ehaw/q4QakxA==",
      "dependencies": {
        "@effection/core": "2.0.1",
        "@effection/events": "2.0.1",
        "@effection/stream": "2.0.1"
      }
    },
    "node_modules/@effection/dispatch/node_modules/@effection/core": {
      "version": "2.0.1",
      "resolved": "https://registry.npmjs.org/@effection/core/-/core-2.0.1.tgz",
      "integrity": "sha512-Bl2pfu9gbTwlieTgcEhFOwz70QDPXpyVRuOiOqccGVBvZpa3/mzepH6LFZSCyothnc7YO0b31xXV551POiLEow=="
    },
    "node_modules/@effection/dispatch/node_modules/@effection/events": {
      "version": "2.0.1",
      "resolved": "https://registry.npmjs.org/@effection/events/-/events-2.0.1.tgz",
      "integrity": "sha512-ufaYE8srITlbt1kuJv5vn12HobQPTot5MJZC7tHcNDGqvF+/ewTuVaxKGD5Vq4JP5H29GAZfjjUrkQaopBdjTw==",
      "dependencies": {
        "@effection/core": "2.0.1",
        "@effection/stream": "2.0.1"
      }
    },
    "node_modules/@effection/dispatch/node_modules/@effection/fetch": {
      "version": "2.0.1",
      "resolved": "https://registry.npmjs.org/@effection/fetch/-/fetch-2.0.1.tgz",
      "integrity": "sha512-doIE8g3ljm8YUJp+JJQr2i9PKLo/bWCtXjUbI+8wtVqAM5ifDElGWRH++o57JRDwNuHLPj9TdLfdwWxrTRM2Fw==",
      "dependencies": {
        "@effection/core": "2.0.1",
        "abort-controller": "^3.0.0",
        "cross-fetch": "^3.0.4",
        "node-fetch": "^2.6.1"
      }
    },
    "node_modules/@effection/dispatch/node_modules/@effection/main": {
      "version": "2.0.1",
      "resolved": "https://registry.npmjs.org/@effection/main/-/main-2.0.1.tgz",
      "integrity": "sha512-HIoK7cf4dCzCLvDuXO2YTIly7cJVU3vB47M58bqILCyGeMwcfW1iQU92SeykUZRCxfPTrQbU4vDWAS1hSvE0ow==",
      "dependencies": {
        "@effection/core": "2.0.1",
        "chalk": "^4.1.2",
        "stacktrace-parser": "^0.1.10"
      }
    },
    "node_modules/@effection/dispatch/node_modules/@effection/stream": {
      "version": "2.0.1",
      "resolved": "https://registry.npmjs.org/@effection/stream/-/stream-2.0.1.tgz",
      "integrity": "sha512-GZ65WAK5npuJVET4Cgx50G3ruKzb7LoihpyKHBSzOOmXIIJIhJ5yf1hYf9/EPh8KRzBDG3yGDZ2JpUINpElgng==",
      "dependencies": {
        "@effection/core": "2.0.1",
        "@effection/subscription": "2.0.1"
      }
    },
    "node_modules/@effection/dispatch/node_modules/@effection/subscription": {
      "version": "2.0.1",
      "resolved": "https://registry.npmjs.org/@effection/subscription/-/subscription-2.0.1.tgz",
      "integrity": "sha512-cU54UzXhQ7EX2TC6lejDIO1dV4pdRmQ3ev7hS9EVAsxg0XP0UGdCNE/ddfWYoSHoOVKgkbeOjZkvaKvjvs4G0A==",
      "dependencies": {
        "@effection/core": "2.0.1"
      }
    },
    "node_modules/@effection/dispatch/node_modules/effection": {
      "version": "2.0.1",
      "resolved": "https://registry.npmjs.org/effection/-/effection-2.0.1.tgz",
      "integrity": "sha512-KV5P1FZ7nZlSar9Li/cTj88D/0A1Ac+dv+QVDcK7hGBh2OLHtns//54trublT6L0PBP/0RYa5yPUixDdzMSDug==",
      "dependencies": {
        "@effection/channel": "2.0.1",
        "@effection/core": "2.0.1",
        "@effection/events": "2.0.1",
        "@effection/fetch": "2.0.1",
        "@effection/main": "2.0.1",
        "@effection/stream": "2.0.1",
        "@effection/subscription": "2.0.1"
      }
    },
    "node_modules/@effection/events": {
      "version": "2.0.3",
      "resolved": "https://registry.npmjs.org/@effection/events/-/events-2.0.3.tgz",
      "integrity": "sha512-x8NBNXHZxI4SJ/db1zy7zs6BRtMIKu8NgymUMpbyrRdapPSIu6rmf4WgXyWrk1uvQPSViEkxOXPw8B2MLu/YnA==",
      "dependencies": {
        "@effection/core": "2.2.0",
        "@effection/stream": "2.0.3"
      }
    },
    "node_modules/@effection/fetch": {
      "version": "2.0.4",
      "resolved": "https://registry.npmjs.org/@effection/fetch/-/fetch-2.0.4.tgz",
      "integrity": "sha512-IhUYqSAM0stEB6VCWK9Mz8F56jWFFpM9yQ4boxGs4F/sdoHnY/9KKW1zxAY05jyYPUHxuUky7sazZVFJm5xRmw==",
      "dependencies": {
        "@effection/core": "2.2.0",
        "cross-fetch": "3.1.5"
      }
    },
    "node_modules/@effection/inspect-server": {
      "version": "2.1.5",
      "resolved": "https://registry.npmjs.org/@effection/inspect-server/-/inspect-server-2.1.5.tgz",
      "integrity": "sha512-Z9s1eWjVwqHSP37UTY4/FF0GY8RYQnT4UD/5BoGm/D8MK+wBV6t/FDarMGTQA0Q0gK6SukUBTKdvpLdHhbrFyg==",
      "dependencies": {
        "@effection/atom": "2.0.4",
        "@effection/inspect-ui": "2.1.5",
        "@effection/inspect-utils": "2.1.4",
        "@effection/websocket-server": "2.0.4",
        "effection": "2.0.4",
        "node-static": "^0.7.11",
        "websocket": "^1.0.34"
      }
    },
    "node_modules/@effection/inspect-ui": {
      "version": "2.1.5",
      "resolved": "https://registry.npmjs.org/@effection/inspect-ui/-/inspect-ui-2.1.5.tgz",
      "integrity": "sha512-s1+ESkC4jPW/SobFFrMm6jiO0voUXIAlSsYNdIkbHs3fII2jqLKDQ924qAHZ8xW7DC/XtRocrbmwg8BUrP94LA=="
    },
    "node_modules/@effection/inspect-utils": {
      "version": "2.1.4",
      "resolved": "https://registry.npmjs.org/@effection/inspect-utils/-/inspect-utils-2.1.4.tgz",
      "integrity": "sha512-zXt2Uef2IJSkrMAnJyU9iN66VxkFJuU86dJeOQTP0jRY38sdjVkaBXQNjWu5zZkY+7LKs4KQRTxfqlV+yYvwOQ==",
      "dependencies": {
        "@effection/atom": "2.0.4",
        "@effection/dispatch": "2.0.1",
        "effection": "2.0.4"
      }
    },
    "node_modules/@effection/main": {
      "version": "2.0.3",
      "resolved": "https://registry.npmjs.org/@effection/main/-/main-2.0.3.tgz",
      "integrity": "sha512-UHMRECFMzX+OU6I0Mg2653MyxNTIT8qXpRtl0bZT4E0rSoYnxsV+gSCEbTZFkDIZWFakp0K6awYvtyYhCeugpg==",
      "dependencies": {
        "@effection/core": "2.2.0",
        "chalk": "^4.1.2",
        "stacktrace-parser": "^0.1.10"
      }
    },
    "node_modules/@effection/stream": {
      "version": "2.0.3",
      "resolved": "https://registry.npmjs.org/@effection/stream/-/stream-2.0.3.tgz",
      "integrity": "sha512-l1A8PUfxR04eyUBOD1H5gdCu4U5OMwUh2TB/O/IeUlfVoP9tg64daTu7zpZGij9uDcDWV5IP9LJYoWe2lVGbKg==",
      "dependencies": {
        "@effection/core": "2.2.0",
        "@effection/subscription": "2.0.3"
      }
    },
    "node_modules/@effection/subscription": {
      "version": "2.0.3",
      "resolved": "https://registry.npmjs.org/@effection/subscription/-/subscription-2.0.3.tgz",
      "integrity": "sha512-P+bAh0iqCduvzAM+0hbn29HJ+J4TT+lkJTDydw3tI6lSe/OVX9+FJhX/zx2QW3APjFpseMJphjRiEyzf21b/Xw==",
      "dependencies": {
        "@effection/core": "2.2.0"
      }
    },
    "node_modules/@effection/websocket-server": {
      "version": "2.0.4",
      "resolved": "https://registry.npmjs.org/@effection/websocket-server/-/websocket-server-2.0.4.tgz",
      "integrity": "sha512-ftzFvdvvf+b8o2jhna6NUxflzdL3nXQTi7ZvXk5+EU0SMJjhrvWZh4egESDHFEfNGjcqmbs73GZEP5r9HHASYA==",
      "dependencies": {
        "effection": "2.0.4",
        "ws": "^7.4.6"
      }
    },
    "node_modules/abort-controller": {
      "version": "3.0.0",
      "resolved": "https://registry.npmjs.org/abort-controller/-/abort-controller-3.0.0.tgz",
      "integrity": "sha512-h8lQ8tacZYnR3vNQTgibj+tODHI5/+l06Au2Pcriv/Gmet0eaj4TwWH41sO9wnHDiQsEj19q0drzdWdeAHtweg==",
      "dependencies": {
        "event-target-shim": "^5.0.0"
      },
      "engines": {
        "node": ">=6.5"
      }
    },
    "node_modules/ansi-styles": {
      "version": "4.3.0",
      "resolved": "https://registry.npmjs.org/ansi-styles/-/ansi-styles-4.3.0.tgz",
      "integrity": "sha512-zbB9rCJAT1rbjiVDb2hqKFHNYLxgtk8NURxZ3IZwD3F6NtxbXZQCnnSi1Lkx+IDohdPlFp222wVALIheZJQSEg==",
      "dependencies": {
        "color-convert": "^2.0.1"
      },
      "engines": {
        "node": ">=8"
      },
      "funding": {
        "url": "https://github.com/chalk/ansi-styles?sponsor=1"
      }
    },
    "node_modules/assert-ts": {
      "version": "0.2.2",
      "resolved": "https://registry.npmjs.org/assert-ts/-/assert-ts-0.2.2.tgz",
      "integrity": "sha512-aoktTqvPejI9G0+wNOomh44acAJ/KMp4YAw5yW3tM1MESxEBuAlWdBG3Q9QGV6YMv7pEfzor8822B5WinXcmPg=="
    },
    "node_modules/bufferutil": {
      "version": "4.0.6",
      "resolved": "https://registry.npmjs.org/bufferutil/-/bufferutil-4.0.6.tgz",
      "integrity": "sha512-jduaYOYtnio4aIAyc6UbvPCVcgq7nYpVnucyxr6eCYg/Woad9Hf/oxxBRDnGGjPfjUm6j5O/uBWhIu4iLebFaw==",
      "hasInstallScript": true,
      "dependencies": {
        "node-gyp-build": "^4.3.0"
      },
      "engines": {
        "node": ">=6.14.2"
      }
    },
    "node_modules/chalk": {
      "version": "4.1.2",
      "resolved": "https://registry.npmjs.org/chalk/-/chalk-4.1.2.tgz",
      "integrity": "sha512-oKnbhFyRIXpUuez8iBMmyEa4nbj4IOQyuhc/wy9kY7/WVPcwIO9VA668Pu8RkO7+0G76SLROeyw9CpQ061i4mA==",
      "dependencies": {
        "ansi-styles": "^4.1.0",
        "supports-color": "^7.1.0"
      },
      "engines": {
        "node": ">=10"
      },
      "funding": {
        "url": "https://github.com/chalk/chalk?sponsor=1"
      }
    },
    "node_modules/color-convert": {
      "version": "2.0.1",
      "resolved": "https://registry.npmjs.org/color-convert/-/color-convert-2.0.1.tgz",
      "integrity": "sha512-RRECPsj7iu/xb5oKYcsFHSppFNnsj/52OVTRKb4zP5onXwVF3zVmmToNcOfGC+CRDpfK/U584fMg38ZHCaElKQ==",
      "dependencies": {
        "color-name": "~1.1.4"
      },
      "engines": {
        "node": ">=7.0.0"
      }
    },
    "node_modules/color-name": {
      "version": "1.1.4",
      "resolved": "https://registry.npmjs.org/color-name/-/color-name-1.1.4.tgz",
      "integrity": "sha512-dOy+3AuW3a2wNbZHIuMZpTcgjGuLU/uBL/ubcZF9OXbDo8ff4O8yVp5Bf0efS8uEoYo5q4Fx7dY9OgQGXgAsQA=="
    },
    "node_modules/colors": {
      "version": "1.4.0",
      "resolved": "https://registry.npmjs.org/colors/-/colors-1.4.0.tgz",
      "integrity": "sha512-a+UqTh4kgZg/SlGvfbzDHpgRu7AAQOmmqRHJnxhRZICKFUT91brVhNNt58CMWU9PsBbv3PDCZUHbVxuDiH2mtA==",
      "engines": {
        "node": ">=0.1.90"
      }
    },
    "node_modules/cross-fetch": {
      "version": "3.1.5",
      "resolved": "https://registry.npmjs.org/cross-fetch/-/cross-fetch-3.1.5.tgz",
      "integrity": "sha512-lvb1SBsI0Z7GDwmuid+mU3kWVBwTVUbe7S0H52yaaAdQOXq2YktTCZdlAcNKFzE6QtRz0snpw9bNiPeOIkkQvw==",
      "dependencies": {
        "node-fetch": "2.6.7"
      }
    },
    "node_modules/d": {
      "version": "1.0.1",
      "resolved": "https://registry.npmjs.org/d/-/d-1.0.1.tgz",
      "integrity": "sha512-m62ShEObQ39CfralilEQRjH6oAMtNCV1xJyEx5LpRYUVN+EviphDgUc/F3hnYbADmkiNs67Y+3ylmlG7Lnu+FA==",
      "dependencies": {
        "es5-ext": "^0.10.50",
        "type": "^1.0.1"
      }
    },
    "node_modules/debug": {
      "version": "2.6.9",
      "resolved": "https://registry.npmjs.org/debug/-/debug-2.6.9.tgz",
      "integrity": "sha512-bC7ElrdJaJnPbAP+1EotYvqZsb3ecl5wi6Bfi6BJTUcNowp6cvspg0jXznRTKDjm/E7AdgFBVeAPVMNcKGsHMA==",
      "dependencies": {
        "ms": "2.0.0"
      }
    },
    "node_modules/effection": {
      "version": "2.0.4",
      "resolved": "https://registry.npmjs.org/effection/-/effection-2.0.4.tgz",
      "integrity": "sha512-8haobRaTJbwNM32GeSS5Do0WHB/Xev94SukFtQHEli+3TTDxYwW+NQcp0lAb8J4ISzvKjL+OyodGPMEyegbjog==",
      "dependencies": {
        "@effection/channel": "2.0.3",
        "@effection/core": "2.2.0",
        "@effection/events": "2.0.3",
        "@effection/fetch": "2.0.4",
        "@effection/main": "2.0.3",
        "@effection/stream": "2.0.3",
        "@effection/subscription": "2.0.3"
      }
    },
    "node_modules/es5-ext": {
      "version": "0.10.61",
      "resolved": "https://registry.npmjs.org/es5-ext/-/es5-ext-0.10.61.tgz",
      "integrity": "sha512-yFhIqQAzu2Ca2I4SE2Au3rxVfmohU9Y7wqGR+s7+H7krk26NXhIRAZDgqd6xqjCEFUomDEA3/Bo/7fKmIkW1kA==",
      "hasInstallScript": true,
      "dependencies": {
        "es6-iterator": "^2.0.3",
        "es6-symbol": "^3.1.3",
        "next-tick": "^1.1.0"
      },
      "engines": {
        "node": ">=0.10"
      }
    },
    "node_modules/es6-iterator": {
      "version": "2.0.3",
      "resolved": "https://registry.npmjs.org/es6-iterator/-/es6-iterator-2.0.3.tgz",
      "integrity": "sha1-p96IkUGgWpSwhUQDstCg+/qY87c=",
      "dependencies": {
        "d": "1",
        "es5-ext": "^0.10.35",
        "es6-symbol": "^3.1.1"
      }
    },
    "node_modules/es6-symbol": {
      "version": "3.1.3",
      "resolved": "https://registry.npmjs.org/es6-symbol/-/es6-symbol-3.1.3.tgz",
      "integrity": "sha512-NJ6Yn3FuDinBaBRWl/q5X/s4koRHBrgKAu+yGI6JCBeiu3qrcbJhwT2GeR/EXVfylRk8dpQVJoLEFhK+Mu31NA==",
      "dependencies": {
        "d": "^1.0.1",
        "ext": "^1.1.2"
      }
    },
    "node_modules/event-target-shim": {
      "version": "5.0.1",
      "resolved": "https://registry.npmjs.org/event-target-shim/-/event-target-shim-5.0.1.tgz",
      "integrity": "sha512-i/2XbnSz/uxRCU6+NdVJgKWDTM427+MqYbkQzD321DuCQJUqOuJKIA0IM2+W2xtYHdKOmZ4dR6fExsd4SXL+WQ==",
      "engines": {
        "node": ">=6"
      }
    },
    "node_modules/ext": {
      "version": "1.6.0",
      "resolved": "https://registry.npmjs.org/ext/-/ext-1.6.0.tgz",
      "integrity": "sha512-sdBImtzkq2HpkdRLtlLWDa6w4DX22ijZLKx8BMPUuKe1c5lbN6xwQDQCxSfxBQnHZ13ls/FH0MQZx/q/gr6FQg==",
      "dependencies": {
        "type": "^2.5.0"
      }
    },
    "node_modules/ext/node_modules/type": {
      "version": "2.6.0",
      "resolved": "https://registry.npmjs.org/type/-/type-2.6.0.tgz",
      "integrity": "sha512-eiDBDOmkih5pMbo9OqsqPRGMljLodLcwd5XD5JbtNB0o89xZAwynY9EdCDsJU7LtcVCClu9DvM7/0Ep1hYX3EQ=="
    },
    "node_modules/fp-ts": {
      "version": "2.12.1",
      "resolved": "https://registry.npmjs.org/fp-ts/-/fp-ts-2.12.1.tgz",
      "integrity": "sha512-oxvgqUYR6O9VkKXrxkJ0NOyU0FrE705MeqgBUMEPWyTu6Pwn768cJbHChw2XOBlgFLKfIHxjr2OOBFpv2mUGZw=="
    },
    "node_modules/has-flag": {
      "version": "4.0.0",
      "resolved": "https://registry.npmjs.org/has-flag/-/has-flag-4.0.0.tgz",
      "integrity": "sha512-EykJT/Q1KjTWctppgIAgfSO0tKVuZUjhgMr17kqTumMl6Afv3EISleU7qZUzoXDFTAHTDC4NOoG/ZxU3EvlMPQ==",
      "engines": {
        "node": ">=8"
      }
    },
    "node_modules/is-typedarray": {
      "version": "1.0.0",
      "resolved": "https://registry.npmjs.org/is-typedarray/-/is-typedarray-1.0.0.tgz",
      "integrity": "sha1-5HnICFjfDBsR3dppQPlgEfzaSpo="
    },
    "node_modules/mime": {
      "version": "1.6.0",
      "resolved": "https://registry.npmjs.org/mime/-/mime-1.6.0.tgz",
      "integrity": "sha512-x0Vn8spI+wuJ1O6S7gnbaQg8Pxh4NNHb7KSINmEWKiPE4RKOplvijn+NkmYmmRgP68mc70j2EbeTFRsrswaQeg==",
      "bin": {
        "mime": "cli.js"
      },
      "engines": {
        "node": ">=4"
      }
    },
    "node_modules/minimist": {
      "version": "0.0.10",
      "resolved": "https://registry.npmjs.org/minimist/-/minimist-0.0.10.tgz",
      "integrity": "sha1-3j+YVD2/lggr5IrRoMfNqDYwHc8="
    },
    "node_modules/monocle-ts": {
      "version": "2.3.13",
      "resolved": "https://registry.npmjs.org/monocle-ts/-/monocle-ts-2.3.13.tgz",
      "integrity": "sha512-D5Ygd3oulEoAm3KuGO0eeJIrhFf1jlQIoEVV2DYsZUMz42j4tGxgct97Aq68+F8w4w4geEnwFa8HayTS/7lpKQ==",
      "peerDependencies": {
        "fp-ts": "^2.5.0"
      }
    },
    "node_modules/ms": {
      "version": "2.0.0",
      "resolved": "https://registry.npmjs.org/ms/-/ms-2.0.0.tgz",
      "integrity": "sha1-VgiurfwAvmwpAd9fmGF4jeDVl8g="
    },
    "node_modules/next-tick": {
      "version": "1.1.0",
      "resolved": "https://registry.npmjs.org/next-tick/-/next-tick-1.1.0.tgz",
      "integrity": "sha512-CXdUiJembsNjuToQvxayPZF9Vqht7hewsvy2sOWafLvi2awflj9mOC6bHIg50orX8IJvWKY9wYQ/zB2kogPslQ=="
    },
    "node_modules/node-fetch": {
      "version": "2.6.7",
      "resolved": "https://registry.npmjs.org/node-fetch/-/node-fetch-2.6.7.tgz",
      "integrity": "sha512-ZjMPFEfVx5j+y2yF35Kzx5sF7kDzxuDj6ziH4FFbOp87zKDZNx8yExJIb05OGF4Nlt9IHFIMBkRl41VdvcNdbQ==",
      "dependencies": {
        "whatwg-url": "^5.0.0"
      },
      "engines": {
        "node": "4.x || >=6.0.0"
      },
      "peerDependencies": {
        "encoding": "^0.1.0"
      },
      "peerDependenciesMeta": {
        "encoding": {
          "optional": true
        }
      }
    },
    "node_modules/node-gyp-build": {
      "version": "4.4.0",
      "resolved": "https://registry.npmjs.org/node-gyp-build/-/node-gyp-build-4.4.0.tgz",
      "integrity": "sha512-amJnQCcgtRVw9SvoebO3BKGESClrfXGCUTX9hSn1OuGQTQBOZmVd0Z0OlecpuRksKvbsUqALE8jls/ErClAPuQ==",
      "bin": {
        "node-gyp-build": "bin.js",
        "node-gyp-build-optional": "optional.js",
        "node-gyp-build-test": "build-test.js"
      }
    },
    "node_modules/node-static": {
      "version": "0.7.11",
      "resolved": "https://registry.npmjs.org/node-static/-/node-static-0.7.11.tgz",
      "integrity": "sha512-zfWC/gICcqb74D9ndyvxZWaI1jzcoHmf4UTHWQchBNuNMxdBLJMDiUgZ1tjGLEIe/BMhj2DxKD8HOuc2062pDQ==",
      "dependencies": {
        "colors": ">=0.6.0",
        "mime": "^1.2.9",
        "optimist": ">=0.3.4"
      },
      "bin": {
        "static": "bin/cli.js"
      },
      "engines": {
        "node": ">= 0.4.1"
      }
    },
    "node_modules/optimist": {
      "version": "0.6.1",
      "resolved": "https://registry.npmjs.org/optimist/-/optimist-0.6.1.tgz",
      "integrity": "sha1-2j6nRob6IaGaERwybpDrFaAZZoY=",
      "dependencies": {
        "minimist": "~0.0.1",
        "wordwrap": "~0.0.2"
      }
    },
    "node_modules/stacktrace-parser": {
      "version": "0.1.10",
      "resolved": "https://registry.npmjs.org/stacktrace-parser/-/stacktrace-parser-0.1.10.tgz",
      "integrity": "sha512-KJP1OCML99+8fhOHxwwzyWrlUuVX5GQ0ZpJTd1DFXhdkrvg1szxfHhawXUZ3g9TkXORQd4/WG68jMlQZ2p8wlg==",
      "dependencies": {
        "type-fest": "^0.7.1"
      },
      "engines": {
        "node": ">=6"
      }
    },
    "node_modules/supports-color": {
      "version": "7.2.0",
      "resolved": "https://registry.npmjs.org/supports-color/-/supports-color-7.2.0.tgz",
      "integrity": "sha512-qpCAvRl9stuOHveKsn7HncJRvv501qIacKzQlO/+Lwxc9+0q2wLyv4Dfvt80/DPn2pqOBsJdDiogXGR9+OvwRw==",
      "dependencies": {
        "has-flag": "^4.0.0"
      },
      "engines": {
        "node": ">=8"
      }
    },
    "node_modules/tr46": {
      "version": "0.0.3",
      "resolved": "https://registry.npmjs.org/tr46/-/tr46-0.0.3.tgz",
      "integrity": "sha1-gYT9NH2snNwYWZLzpmIuFLnZq2o="
    },
    "node_modules/type": {
      "version": "1.2.0",
      "resolved": "https://registry.npmjs.org/type/-/type-1.2.0.tgz",
      "integrity": "sha512-+5nt5AAniqsCnu2cEQQdpzCAh33kVx8n0VoFidKpB1dVVLAN/F+bgVOqOJqOnEnrhp222clB5p3vUlD+1QAnfg=="
    },
    "node_modules/type-fest": {
      "version": "0.7.1",
      "resolved": "https://registry.npmjs.org/type-fest/-/type-fest-0.7.1.tgz",
      "integrity": "sha512-Ne2YiiGN8bmrmJJEuTWTLJR32nh/JdL1+PSicowtNb0WFpn59GK8/lfD61bVtzguz7b3PBt74nxpv/Pw5po5Rg==",
      "engines": {
        "node": ">=8"
      }
    },
    "node_modules/typedarray-to-buffer": {
      "version": "3.1.5",
      "resolved": "https://registry.npmjs.org/typedarray-to-buffer/-/typedarray-to-buffer-3.1.5.tgz",
      "integrity": "sha512-zdu8XMNEDepKKR+XYOXAVPtWui0ly0NtohUscw+UmaHiAWT8hrV1rr//H6V+0DvJ3OQ19S979M0laLfX8rm82Q==",
      "dependencies": {
        "is-typedarray": "^1.0.0"
      }
    },
    "node_modules/utf-8-validate": {
      "version": "5.0.9",
      "resolved": "https://registry.npmjs.org/utf-8-validate/-/utf-8-validate-5.0.9.tgz",
      "integrity": "sha512-Yek7dAy0v3Kl0orwMlvi7TPtiCNrdfHNd7Gcc/pLq4BLXqfAmd0J7OWMizUQnTTJsyjKn02mU7anqwfmUP4J8Q==",
      "hasInstallScript": true,
      "dependencies": {
        "node-gyp-build": "^4.3.0"
      },
      "engines": {
        "node": ">=6.14.2"
      }
    },
    "node_modules/webidl-conversions": {
      "version": "3.0.1",
      "resolved": "https://registry.npmjs.org/webidl-conversions/-/webidl-conversions-3.0.1.tgz",
      "integrity": "sha1-JFNCdeKnvGvnvIZhHMFq4KVlSHE="
    },
    "node_modules/websocket": {
      "version": "1.0.34",
      "resolved": "https://registry.npmjs.org/websocket/-/websocket-1.0.34.tgz",
      "integrity": "sha512-PRDso2sGwF6kM75QykIesBijKSVceR6jL2G8NGYyq2XrItNC2P5/qL5XeR056GhA+Ly7JMFvJb9I312mJfmqnQ==",
      "dependencies": {
        "bufferutil": "^4.0.1",
        "debug": "^2.2.0",
        "es5-ext": "^0.10.50",
        "typedarray-to-buffer": "^3.1.5",
        "utf-8-validate": "^5.0.2",
        "yaeti": "^0.0.6"
      },
      "engines": {
        "node": ">=4.0.0"
      }
    },
    "node_modules/whatwg-url": {
      "version": "5.0.0",
      "resolved": "https://registry.npmjs.org/whatwg-url/-/whatwg-url-5.0.0.tgz",
      "integrity": "sha1-lmRU6HZUYuN2RNNib2dCzotwll0=",
      "dependencies": {
        "tr46": "~0.0.3",
        "webidl-conversions": "^3.0.0"
      }
    },
    "node_modules/wordwrap": {
      "version": "0.0.3",
      "resolved": "https://registry.npmjs.org/wordwrap/-/wordwrap-0.0.3.tgz",
      "integrity": "sha1-o9XabNXAvAAI03I0u68b7WMFkQc=",
      "engines": {
        "node": ">=0.4.0"
      }
    },
    "node_modules/ws": {
      "version": "7.5.7",
      "resolved": "https://registry.npmjs.org/ws/-/ws-7.5.7.tgz",
      "integrity": "sha512-KMvVuFzpKBuiIXW3E4u3mySRO2/mCHSyZDJQM5NQ9Q9KHWHWh0NHgfbRMLLrceUK5qAL4ytALJbpRMjixFZh8A==",
      "engines": {
        "node": ">=8.3.0"
      },
      "peerDependencies": {
        "bufferutil": "^4.0.1",
        "utf-8-validate": "^5.0.2"
      },
      "peerDependenciesMeta": {
        "bufferutil": {
          "optional": true
        },
        "utf-8-validate": {
          "optional": true
        }
      }
    },
    "node_modules/yaeti": {
      "version": "0.0.6",
      "resolved": "https://registry.npmjs.org/yaeti/-/yaeti-0.0.6.tgz",
      "integrity": "sha1-8m9ITXJoTPQr7ft2lwqhYI+/lXc=",
      "engines": {
        "node": ">=0.10.32"
      }
    }
  },
  "dependencies": {
    "@effection/atom": {
      "version": "2.0.4",
      "resolved": "https://registry.npmjs.org/@effection/atom/-/atom-2.0.4.tgz",
      "integrity": "sha512-mnflhIUK5zWt5ViJPWpZpA9NW8QO5ipV2493sQnOCKZp9mlYRmGhew76tRGydZgLlhO/SADwRVYgTDBrLm+joA==",
      "requires": {
        "assert-ts": "^0.2.2",
        "effection": "2.0.4",
        "fp-ts": "^2.8.2",
        "monocle-ts": "^2.3.3"
      }
    },
    "@effection/channel": {
      "version": "2.0.3",
      "resolved": "https://registry.npmjs.org/@effection/channel/-/channel-2.0.3.tgz",
      "integrity": "sha512-HZE2q7dtErIur0g+BVMPqa+dVBgrIIaYMrzMBNM1UoIB6urMGgr+uPWXwgQb3Vzm4Il9SCiCzoM3RE3gDiV1Ig==",
      "requires": {
        "@effection/core": "2.2.0",
        "@effection/events": "2.0.3",
        "@effection/stream": "2.0.3"
      }
    },
    "@effection/core": {
      "version": "2.2.0",
      "resolved": "https://registry.npmjs.org/@effection/core/-/core-2.2.0.tgz",
      "integrity": "sha512-1RBMrDS0Ya02NEM0TQQRwzlGDSZmwoHhuD3qmWp9NLjZowhO1gJBZ16fQL2NbKvcpS71xho+oZsDedId+C1q8Q==",
      "requires": {
        "abort-controller": "^3.0.0"
      }
    },
    "@effection/dispatch": {
      "version": "2.0.1",
      "resolved": "https://registry.npmjs.org/@effection/dispatch/-/dispatch-2.0.1.tgz",
      "integrity": "sha512-22EIHjEGlxl/5r+kTxLKHyWTt3D341os5LiDgV2RqElZnD1F7ki5JwYfqg3chm7M4Usl2Xj5mdgb8g7DiV/tnA==",
      "requires": {
        "effection": "2.0.1"
      },
      "dependencies": {
        "@effection/channel": {
          "version": "2.0.1",
          "resolved": "https://registry.npmjs.org/@effection/channel/-/channel-2.0.1.tgz",
          "integrity": "sha512-oyGTskv5qSD6k2fo4w9m3L1d4OdLxBvlRfDpXu96yPVatEo4z+i25hEYE2oGXdBjsnIK/PMd50Ehaw/q4QakxA==",
          "requires": {
            "@effection/core": "2.0.1",
            "@effection/events": "2.0.1",
            "@effection/stream": "2.0.1"
          }
        },
        "@effection/core": {
          "version": "2.0.1",
          "resolved": "https://registry.npmjs.org/@effection/core/-/core-2.0.1.tgz",
          "integrity": "sha512-Bl2pfu9gbTwlieTgcEhFOwz70QDPXpyVRuOiOqccGVBvZpa3/mzepH6LFZSCyothnc7YO0b31xXV551POiLEow=="
        },
        "@effection/events": {
          "version": "2.0.1",
          "resolved": "https://registry.npmjs.org/@effection/events/-/events-2.0.1.tgz",
          "integrity": "sha512-ufaYE8srITlbt1kuJv5vn12HobQPTot5MJZC7tHcNDGqvF+/ewTuVaxKGD5Vq4JP5H29GAZfjjUrkQaopBdjTw==",
          "requires": {
            "@effection/core": "2.0.1",
            "@effection/stream": "2.0.1"
          }
        },
        "@effection/fetch": {
          "version": "2.0.1",
          "resolved": "https://registry.npmjs.org/@effection/fetch/-/fetch-2.0.1.tgz",
          "integrity": "sha512-doIE8g3ljm8YUJp+JJQr2i9PKLo/bWCtXjUbI+8wtVqAM5ifDElGWRH++o57JRDwNuHLPj9TdLfdwWxrTRM2Fw==",
          "requires": {
            "@effection/core": "2.0.1",
            "abort-controller": "^3.0.0",
            "cross-fetch": "^3.0.4",
            "node-fetch": "^2.6.1"
          }
        },
        "@effection/main": {
          "version": "2.0.1",
          "resolved": "https://registry.npmjs.org/@effection/main/-/main-2.0.1.tgz",
          "integrity": "sha512-HIoK7cf4dCzCLvDuXO2YTIly7cJVU3vB47M58bqILCyGeMwcfW1iQU92SeykUZRCxfPTrQbU4vDWAS1hSvE0ow==",
          "requires": {
            "@effection/core": "2.0.1",
            "chalk": "^4.1.2",
            "stacktrace-parser": "^0.1.10"
          }
        },
        "@effection/stream": {
          "version": "2.0.1",
          "resolved": "https://registry.npmjs.org/@effection/stream/-/stream-2.0.1.tgz",
          "integrity": "sha512-GZ65WAK5npuJVET4Cgx50G3ruKzb7LoihpyKHBSzOOmXIIJIhJ5yf1hYf9/EPh8KRzBDG3yGDZ2JpUINpElgng==",
          "requires": {
            "@effection/core": "2.0.1",
            "@effection/subscription": "2.0.1"
          }
        },
        "@effection/subscription": {
          "version": "2.0.1",
          "resolved": "https://registry.npmjs.org/@effection/subscription/-/subscription-2.0.1.tgz",
          "integrity": "sha512-cU54UzXhQ7EX2TC6lejDIO1dV4pdRmQ3ev7hS9EVAsxg0XP0UGdCNE/ddfWYoSHoOVKgkbeOjZkvaKvjvs4G0A==",
          "requires": {
            "@effection/core": "2.0.1"
          }
        },
        "effection": {
          "version": "2.0.1",
          "resolved": "https://registry.npmjs.org/effection/-/effection-2.0.1.tgz",
          "integrity": "sha512-KV5P1FZ7nZlSar9Li/cTj88D/0A1Ac+dv+QVDcK7hGBh2OLHtns//54trublT6L0PBP/0RYa5yPUixDdzMSDug==",
          "requires": {
            "@effection/channel": "2.0.1",
            "@effection/core": "2.0.1",
            "@effection/events": "2.0.1",
            "@effection/fetch": "2.0.1",
            "@effection/main": "2.0.1",
            "@effection/stream": "2.0.1",
            "@effection/subscription": "2.0.1"
          }
        }
      }
    },
    "@effection/events": {
      "version": "2.0.3",
      "resolved": "https://registry.npmjs.org/@effection/events/-/events-2.0.3.tgz",
      "integrity": "sha512-x8NBNXHZxI4SJ/db1zy7zs6BRtMIKu8NgymUMpbyrRdapPSIu6rmf4WgXyWrk1uvQPSViEkxOXPw8B2MLu/YnA==",
      "requires": {
        "@effection/core": "2.2.0",
        "@effection/stream": "2.0.3"
      }
    },
    "@effection/fetch": {
      "version": "2.0.4",
      "resolved": "https://registry.npmjs.org/@effection/fetch/-/fetch-2.0.4.tgz",
      "integrity": "sha512-IhUYqSAM0stEB6VCWK9Mz8F56jWFFpM9yQ4boxGs4F/sdoHnY/9KKW1zxAY05jyYPUHxuUky7sazZVFJm5xRmw==",
      "requires": {
        "@effection/core": "2.2.0",
        "cross-fetch": "3.1.5"
      }
    },
    "@effection/inspect-server": {
      "version": "2.1.5",
      "resolved": "https://registry.npmjs.org/@effection/inspect-server/-/inspect-server-2.1.5.tgz",
      "integrity": "sha512-Z9s1eWjVwqHSP37UTY4/FF0GY8RYQnT4UD/5BoGm/D8MK+wBV6t/FDarMGTQA0Q0gK6SukUBTKdvpLdHhbrFyg==",
      "requires": {
        "@effection/atom": "2.0.4",
        "@effection/inspect-ui": "2.1.5",
        "@effection/inspect-utils": "2.1.4",
        "@effection/websocket-server": "2.0.4",
        "effection": "2.0.4",
        "node-static": "^0.7.11",
        "websocket": "^1.0.34"
      }
    },
    "@effection/inspect-ui": {
      "version": "2.1.5",
      "resolved": "https://registry.npmjs.org/@effection/inspect-ui/-/inspect-ui-2.1.5.tgz",
      "integrity": "sha512-s1+ESkC4jPW/SobFFrMm6jiO0voUXIAlSsYNdIkbHs3fII2jqLKDQ924qAHZ8xW7DC/XtRocrbmwg8BUrP94LA=="
    },
    "@effection/inspect-utils": {
      "version": "2.1.4",
      "resolved": "https://registry.npmjs.org/@effection/inspect-utils/-/inspect-utils-2.1.4.tgz",
      "integrity": "sha512-zXt2Uef2IJSkrMAnJyU9iN66VxkFJuU86dJeOQTP0jRY38sdjVkaBXQNjWu5zZkY+7LKs4KQRTxfqlV+yYvwOQ==",
      "requires": {
        "@effection/atom": "2.0.4",
        "@effection/dispatch": "2.0.1",
        "effection": "2.0.4"
      }
    },
    "@effection/main": {
      "version": "2.0.3",
      "resolved": "https://registry.npmjs.org/@effection/main/-/main-2.0.3.tgz",
      "integrity": "sha512-UHMRECFMzX+OU6I0Mg2653MyxNTIT8qXpRtl0bZT4E0rSoYnxsV+gSCEbTZFkDIZWFakp0K6awYvtyYhCeugpg==",
      "requires": {
        "@effection/core": "2.2.0",
        "chalk": "^4.1.2",
        "stacktrace-parser": "^0.1.10"
      }
    },
    "@effection/stream": {
      "version": "2.0.3",
      "resolved": "https://registry.npmjs.org/@effection/stream/-/stream-2.0.3.tgz",
      "integrity": "sha512-l1A8PUfxR04eyUBOD1H5gdCu4U5OMwUh2TB/O/IeUlfVoP9tg64daTu7zpZGij9uDcDWV5IP9LJYoWe2lVGbKg==",
      "requires": {
        "@effection/core": "2.2.0",
        "@effection/subscription": "2.0.3"
      }
    },
    "@effection/subscription": {
      "version": "2.0.3",
      "resolved": "https://registry.npmjs.org/@effection/subscription/-/subscription-2.0.3.tgz",
      "integrity": "sha512-P+bAh0iqCduvzAM+0hbn29HJ+J4TT+lkJTDydw3tI6lSe/OVX9+FJhX/zx2QW3APjFpseMJphjRiEyzf21b/Xw==",
      "requires": {
        "@effection/core": "2.2.0"
      }
    },
    "@effection/websocket-server": {
      "version": "2.0.4",
      "resolved": "https://registry.npmjs.org/@effection/websocket-server/-/websocket-server-2.0.4.tgz",
      "integrity": "sha512-ftzFvdvvf+b8o2jhna6NUxflzdL3nXQTi7ZvXk5+EU0SMJjhrvWZh4egESDHFEfNGjcqmbs73GZEP5r9HHASYA==",
      "requires": {
        "effection": "2.0.4",
        "ws": "^7.4.6"
      }
    },
    "abort-controller": {
      "version": "3.0.0",
      "resolved": "https://registry.npmjs.org/abort-controller/-/abort-controller-3.0.0.tgz",
      "integrity": "sha512-h8lQ8tacZYnR3vNQTgibj+tODHI5/+l06Au2Pcriv/Gmet0eaj4TwWH41sO9wnHDiQsEj19q0drzdWdeAHtweg==",
      "requires": {
        "event-target-shim": "^5.0.0"
      }
    },
    "ansi-styles": {
      "version": "4.3.0",
      "resolved": "https://registry.npmjs.org/ansi-styles/-/ansi-styles-4.3.0.tgz",
      "integrity": "sha512-zbB9rCJAT1rbjiVDb2hqKFHNYLxgtk8NURxZ3IZwD3F6NtxbXZQCnnSi1Lkx+IDohdPlFp222wVALIheZJQSEg==",
      "requires": {
        "color-convert": "^2.0.1"
      }
    },
    "assert-ts": {
      "version": "0.2.2",
      "resolved": "https://registry.npmjs.org/assert-ts/-/assert-ts-0.2.2.tgz",
      "integrity": "sha512-aoktTqvPejI9G0+wNOomh44acAJ/KMp4YAw5yW3tM1MESxEBuAlWdBG3Q9QGV6YMv7pEfzor8822B5WinXcmPg=="
    },
    "bufferutil": {
      "version": "4.0.6",
      "resolved": "https://registry.npmjs.org/bufferutil/-/bufferutil-4.0.6.tgz",
      "integrity": "sha512-jduaYOYtnio4aIAyc6UbvPCVcgq7nYpVnucyxr6eCYg/Woad9Hf/oxxBRDnGGjPfjUm6j5O/uBWhIu4iLebFaw==",
      "requires": {
        "node-gyp-build": "^4.3.0"
      }
    },
    "chalk": {
      "version": "4.1.2",
      "resolved": "https://registry.npmjs.org/chalk/-/chalk-4.1.2.tgz",
      "integrity": "sha512-oKnbhFyRIXpUuez8iBMmyEa4nbj4IOQyuhc/wy9kY7/WVPcwIO9VA668Pu8RkO7+0G76SLROeyw9CpQ061i4mA==",
      "requires": {
        "ansi-styles": "^4.1.0",
        "supports-color": "^7.1.0"
      }
    },
    "color-convert": {
      "version": "2.0.1",
      "resolved": "https://registry.npmjs.org/color-convert/-/color-convert-2.0.1.tgz",
      "integrity": "sha512-RRECPsj7iu/xb5oKYcsFHSppFNnsj/52OVTRKb4zP5onXwVF3zVmmToNcOfGC+CRDpfK/U584fMg38ZHCaElKQ==",
      "requires": {
        "color-name": "~1.1.4"
      }
    },
    "color-name": {
      "version": "1.1.4",
      "resolved": "https://registry.npmjs.org/color-name/-/color-name-1.1.4.tgz",
      "integrity": "sha512-dOy+3AuW3a2wNbZHIuMZpTcgjGuLU/uBL/ubcZF9OXbDo8ff4O8yVp5Bf0efS8uEoYo5q4Fx7dY9OgQGXgAsQA=="
    },
    "colors": {
      "version": "1.4.0",
      "resolved": "https://registry.npmjs.org/colors/-/colors-1.4.0.tgz",
      "integrity": "sha512-a+UqTh4kgZg/SlGvfbzDHpgRu7AAQOmmqRHJnxhRZICKFUT91brVhNNt58CMWU9PsBbv3PDCZUHbVxuDiH2mtA=="
    },
    "cross-fetch": {
      "version": "3.1.5",
      "resolved": "https://registry.npmjs.org/cross-fetch/-/cross-fetch-3.1.5.tgz",
      "integrity": "sha512-lvb1SBsI0Z7GDwmuid+mU3kWVBwTVUbe7S0H52yaaAdQOXq2YktTCZdlAcNKFzE6QtRz0snpw9bNiPeOIkkQvw==",
      "requires": {
        "node-fetch": "2.6.7"
      }
    },
    "d": {
      "version": "1.0.1",
      "resolved": "https://registry.npmjs.org/d/-/d-1.0.1.tgz",
      "integrity": "sha512-m62ShEObQ39CfralilEQRjH6oAMtNCV1xJyEx5LpRYUVN+EviphDgUc/F3hnYbADmkiNs67Y+3ylmlG7Lnu+FA==",
      "requires": {
        "es5-ext": "^0.10.50",
        "type": "^1.0.1"
      }
    },
    "debug": {
      "version": "2.6.9",
      "resolved": "https://registry.npmjs.org/debug/-/debug-2.6.9.tgz",
      "integrity": "sha512-bC7ElrdJaJnPbAP+1EotYvqZsb3ecl5wi6Bfi6BJTUcNowp6cvspg0jXznRTKDjm/E7AdgFBVeAPVMNcKGsHMA==",
      "requires": {
        "ms": "2.0.0"
      }
    },
    "effection": {
      "version": "2.0.4",
      "resolved": "https://registry.npmjs.org/effection/-/effection-2.0.4.tgz",
      "integrity": "sha512-8haobRaTJbwNM32GeSS5Do0WHB/Xev94SukFtQHEli+3TTDxYwW+NQcp0lAb8J4ISzvKjL+OyodGPMEyegbjog==",
      "requires": {
        "@effection/channel": "2.0.3",
        "@effection/core": "2.2.0",
        "@effection/events": "2.0.3",
        "@effection/fetch": "2.0.4",
        "@effection/main": "2.0.3",
        "@effection/stream": "2.0.3",
        "@effection/subscription": "2.0.3"
      }
    },
    "es5-ext": {
      "version": "0.10.61",
      "resolved": "https://registry.npmjs.org/es5-ext/-/es5-ext-0.10.61.tgz",
      "integrity": "sha512-yFhIqQAzu2Ca2I4SE2Au3rxVfmohU9Y7wqGR+s7+H7krk26NXhIRAZDgqd6xqjCEFUomDEA3/Bo/7fKmIkW1kA==",
      "requires": {
        "es6-iterator": "^2.0.3",
        "es6-symbol": "^3.1.3",
        "next-tick": "^1.1.0"
      }
    },
    "es6-iterator": {
      "version": "2.0.3",
      "resolved": "https://registry.npmjs.org/es6-iterator/-/es6-iterator-2.0.3.tgz",
      "integrity": "sha1-p96IkUGgWpSwhUQDstCg+/qY87c=",
      "requires": {
        "d": "1",
        "es5-ext": "^0.10.35",
        "es6-symbol": "^3.1.1"
      }
    },
    "es6-symbol": {
      "version": "3.1.3",
      "resolved": "https://registry.npmjs.org/es6-symbol/-/es6-symbol-3.1.3.tgz",
      "integrity": "sha512-NJ6Yn3FuDinBaBRWl/q5X/s4koRHBrgKAu+yGI6JCBeiu3qrcbJhwT2GeR/EXVfylRk8dpQVJoLEFhK+Mu31NA==",
      "requires": {
        "d": "^1.0.1",
        "ext": "^1.1.2"
      }
    },
    "event-target-shim": {
      "version": "5.0.1",
      "resolved": "https://registry.npmjs.org/event-target-shim/-/event-target-shim-5.0.1.tgz",
      "integrity": "sha512-i/2XbnSz/uxRCU6+NdVJgKWDTM427+MqYbkQzD321DuCQJUqOuJKIA0IM2+W2xtYHdKOmZ4dR6fExsd4SXL+WQ=="
    },
    "ext": {
      "version": "1.6.0",
      "resolved": "https://registry.npmjs.org/ext/-/ext-1.6.0.tgz",
      "integrity": "sha512-sdBImtzkq2HpkdRLtlLWDa6w4DX22ijZLKx8BMPUuKe1c5lbN6xwQDQCxSfxBQnHZ13ls/FH0MQZx/q/gr6FQg==",
      "requires": {
        "type": "^2.5.0"
      },
      "dependencies": {
        "type": {
          "version": "2.6.0",
          "resolved": "https://registry.npmjs.org/type/-/type-2.6.0.tgz",
          "integrity": "sha512-eiDBDOmkih5pMbo9OqsqPRGMljLodLcwd5XD5JbtNB0o89xZAwynY9EdCDsJU7LtcVCClu9DvM7/0Ep1hYX3EQ=="
        }
      }
    },
    "fp-ts": {
      "version": "2.12.1",
      "resolved": "https://registry.npmjs.org/fp-ts/-/fp-ts-2.12.1.tgz",
      "integrity": "sha512-oxvgqUYR6O9VkKXrxkJ0NOyU0FrE705MeqgBUMEPWyTu6Pwn768cJbHChw2XOBlgFLKfIHxjr2OOBFpv2mUGZw=="
    },
    "has-flag": {
      "version": "4.0.0",
      "resolved": "https://registry.npmjs.org/has-flag/-/has-flag-4.0.0.tgz",
      "integrity": "sha512-EykJT/Q1KjTWctppgIAgfSO0tKVuZUjhgMr17kqTumMl6Afv3EISleU7qZUzoXDFTAHTDC4NOoG/ZxU3EvlMPQ=="
    },
    "is-typedarray": {
      "version": "1.0.0",
      "resolved": "https://registry.npmjs.org/is-typedarray/-/is-typedarray-1.0.0.tgz",
      "integrity": "sha1-5HnICFjfDBsR3dppQPlgEfzaSpo="
    },
    "mime": {
      "version": "1.6.0",
      "resolved": "https://registry.npmjs.org/mime/-/mime-1.6.0.tgz",
      "integrity": "sha512-x0Vn8spI+wuJ1O6S7gnbaQg8Pxh4NNHb7KSINmEWKiPE4RKOplvijn+NkmYmmRgP68mc70j2EbeTFRsrswaQeg=="
    },
    "minimist": {
      "version": "0.0.10",
      "resolved": "https://registry.npmjs.org/minimist/-/minimist-0.0.10.tgz",
      "integrity": "sha1-3j+YVD2/lggr5IrRoMfNqDYwHc8="
    },
    "monocle-ts": {
      "version": "2.3.13",
      "resolved": "https://registry.npmjs.org/monocle-ts/-/monocle-ts-2.3.13.tgz",
      "integrity": "sha512-D5Ygd3oulEoAm3KuGO0eeJIrhFf1jlQIoEVV2DYsZUMz42j4tGxgct97Aq68+F8w4w4geEnwFa8HayTS/7lpKQ==",
      "requires": {}
    },
    "ms": {
      "version": "2.0.0",
      "resolved": "https://registry.npmjs.org/ms/-/ms-2.0.0.tgz",
      "integrity": "sha1-VgiurfwAvmwpAd9fmGF4jeDVl8g="
    },
    "next-tick": {
      "version": "1.1.0",
      "resolved": "https://registry.npmjs.org/next-tick/-/next-tick-1.1.0.tgz",
      "integrity": "sha512-CXdUiJembsNjuToQvxayPZF9Vqht7hewsvy2sOWafLvi2awflj9mOC6bHIg50orX8IJvWKY9wYQ/zB2kogPslQ=="
    },
    "node-fetch": {
      "version": "2.6.7",
      "resolved": "https://registry.npmjs.org/node-fetch/-/node-fetch-2.6.7.tgz",
      "integrity": "sha512-ZjMPFEfVx5j+y2yF35Kzx5sF7kDzxuDj6ziH4FFbOp87zKDZNx8yExJIb05OGF4Nlt9IHFIMBkRl41VdvcNdbQ==",
      "requires": {
        "whatwg-url": "^5.0.0"
      }
    },
    "node-gyp-build": {
      "version": "4.4.0",
      "resolved": "https://registry.npmjs.org/node-gyp-build/-/node-gyp-build-4.4.0.tgz",
      "integrity": "sha512-amJnQCcgtRVw9SvoebO3BKGESClrfXGCUTX9hSn1OuGQTQBOZmVd0Z0OlecpuRksKvbsUqALE8jls/ErClAPuQ=="
    },
    "node-static": {
      "version": "0.7.11",
      "resolved": "https://registry.npmjs.org/node-static/-/node-static-0.7.11.tgz",
      "integrity": "sha512-zfWC/gICcqb74D9ndyvxZWaI1jzcoHmf4UTHWQchBNuNMxdBLJMDiUgZ1tjGLEIe/BMhj2DxKD8HOuc2062pDQ==",
      "requires": {
        "colors": ">=0.6.0",
        "mime": "^1.2.9",
        "optimist": ">=0.3.4"
      }
    },
    "optimist": {
      "version": "0.6.1",
      "resolved": "https://registry.npmjs.org/optimist/-/optimist-0.6.1.tgz",
      "integrity": "sha1-2j6nRob6IaGaERwybpDrFaAZZoY=",
      "requires": {
        "minimist": "~0.0.1",
        "wordwrap": "~0.0.2"
      }
    },
    "stacktrace-parser": {
      "version": "0.1.10",
      "resolved": "https://registry.npmjs.org/stacktrace-parser/-/stacktrace-parser-0.1.10.tgz",
      "integrity": "sha512-KJP1OCML99+8fhOHxwwzyWrlUuVX5GQ0ZpJTd1DFXhdkrvg1szxfHhawXUZ3g9TkXORQd4/WG68jMlQZ2p8wlg==",
      "requires": {
        "type-fest": "^0.7.1"
      }
    },
    "supports-color": {
      "version": "7.2.0",
      "resolved": "https://registry.npmjs.org/supports-color/-/supports-color-7.2.0.tgz",
      "integrity": "sha512-qpCAvRl9stuOHveKsn7HncJRvv501qIacKzQlO/+Lwxc9+0q2wLyv4Dfvt80/DPn2pqOBsJdDiogXGR9+OvwRw==",
      "requires": {
        "has-flag": "^4.0.0"
      }
    },
    "tr46": {
      "version": "0.0.3",
      "resolved": "https://registry.npmjs.org/tr46/-/tr46-0.0.3.tgz",
      "integrity": "sha1-gYT9NH2snNwYWZLzpmIuFLnZq2o="
    },
    "type": {
      "version": "1.2.0",
      "resolved": "https://registry.npmjs.org/type/-/type-1.2.0.tgz",
      "integrity": "sha512-+5nt5AAniqsCnu2cEQQdpzCAh33kVx8n0VoFidKpB1dVVLAN/F+bgVOqOJqOnEnrhp222clB5p3vUlD+1QAnfg=="
    },
    "type-fest": {
      "version": "0.7.1",
      "resolved": "https://registry.npmjs.org/type-fest/-/type-fest-0.7.1.tgz",
      "integrity": "sha512-Ne2YiiGN8bmrmJJEuTWTLJR32nh/JdL1+PSicowtNb0WFpn59GK8/lfD61bVtzguz7b3PBt74nxpv/Pw5po5Rg=="
    },
    "typedarray-to-buffer": {
      "version": "3.1.5",
      "resolved": "https://registry.npmjs.org/typedarray-to-buffer/-/typedarray-to-buffer-3.1.5.tgz",
      "integrity": "sha512-zdu8XMNEDepKKR+XYOXAVPtWui0ly0NtohUscw+UmaHiAWT8hrV1rr//H6V+0DvJ3OQ19S979M0laLfX8rm82Q==",
      "requires": {
        "is-typedarray": "^1.0.0"
      }
    },
    "utf-8-validate": {
      "version": "5.0.9",
      "resolved": "https://registry.npmjs.org/utf-8-validate/-/utf-8-validate-5.0.9.tgz",
      "integrity": "sha512-Yek7dAy0v3Kl0orwMlvi7TPtiCNrdfHNd7Gcc/pLq4BLXqfAmd0J7OWMizUQnTTJsyjKn02mU7anqwfmUP4J8Q==",
      "requires": {
        "node-gyp-build": "^4.3.0"
      }
    },
    "webidl-conversions": {
      "version": "3.0.1",
      "resolved": "https://registry.npmjs.org/webidl-conversions/-/webidl-conversions-3.0.1.tgz",
      "integrity": "sha1-JFNCdeKnvGvnvIZhHMFq4KVlSHE="
    },
    "websocket": {
      "version": "1.0.34",
      "resolved": "https://registry.npmjs.org/websocket/-/websocket-1.0.34.tgz",
      "integrity": "sha512-PRDso2sGwF6kM75QykIesBijKSVceR6jL2G8NGYyq2XrItNC2P5/qL5XeR056GhA+Ly7JMFvJb9I312mJfmqnQ==",
      "requires": {
        "bufferutil": "^4.0.1",
        "debug": "^2.2.0",
        "es5-ext": "^0.10.50",
        "typedarray-to-buffer": "^3.1.5",
        "utf-8-validate": "^5.0.2",
        "yaeti": "^0.0.6"
      }
    },
    "whatwg-url": {
      "version": "5.0.0",
      "resolved": "https://registry.npmjs.org/whatwg-url/-/whatwg-url-5.0.0.tgz",
      "integrity": "sha1-lmRU6HZUYuN2RNNib2dCzotwll0=",
      "requires": {
        "tr46": "~0.0.3",
        "webidl-conversions": "^3.0.0"
      }
    },
    "wordwrap": {
      "version": "0.0.3",
      "resolved": "https://registry.npmjs.org/wordwrap/-/wordwrap-0.0.3.tgz",
      "integrity": "sha1-o9XabNXAvAAI03I0u68b7WMFkQc="
    },
    "ws": {
      "version": "7.5.7",
      "resolved": "https://registry.npmjs.org/ws/-/ws-7.5.7.tgz",
      "integrity": "sha512-KMvVuFzpKBuiIXW3E4u3mySRO2/mCHSyZDJQM5NQ9Q9KHWHWh0NHgfbRMLLrceUK5qAL4ytALJbpRMjixFZh8A==",
      "requires": {}
    },
    "yaeti": {
      "version": "0.0.6",
      "resolved": "https://registry.npmjs.org/yaeti/-/yaeti-0.0.6.tgz",
      "integrity": "sha1-8m9ITXJoTPQr7ft2lwqhYI+/lXc="
    }
  }
}
